// !$*UTF8*$!
{
	archiveVersion = 1;
	classes = {
	};
	objectVersion = 46;
	objects = {

/* Begin PBXBuildFile section */
		084A203B218597C700D745D2 /* AppDelegate.swift in Sources */ = {isa = PBXBuildFile; fileRef = 084A203A218597C700D745D2 /* AppDelegate.swift */; };
		084A203D218597C700D745D2 /* ViewController.swift in Sources */ = {isa = PBXBuildFile; fileRef = 084A203C218597C700D745D2 /* ViewController.swift */; };
		084A2040218597C700D745D2 /* Main.storyboard in Resources */ = {isa = PBXBuildFile; fileRef = 084A203E218597C700D745D2 /* Main.storyboard */; };
		084A2045218597C700D745D2 /* LaunchScreen.storyboard in Resources */ = {isa = PBXBuildFile; fileRef = 084A2043218597C700D745D2 /* LaunchScreen.storyboard */; };
		084A2050218597C800D745D2 /* SlideMenuTests.swift in Sources */ = {isa = PBXBuildFile; fileRef = 084A204F218597C800D745D2 /* SlideMenuTests.swift */; };
		084A205B21859D5C00D745D2 /* Media.xcassets in Resources */ = {isa = PBXBuildFile; fileRef = 084A205A21859D5C00D745D2 /* Media.xcassets */; };
		084A205D2185A0F800D745D2 /* MenuViewController.swift in Sources */ = {isa = PBXBuildFile; fileRef = 084A205C2185A0F800D745D2 /* MenuViewController.swift */; };
		084A205F2185A12E00D745D2 /* MenuTableViewCell.swift in Sources */ = {isa = PBXBuildFile; fileRef = 084A205E2185A12E00D745D2 /* MenuTableViewCell.swift */; };
/* End PBXBuildFile section */

/* Begin PBXContainerItemProxy section */
		084A204C218597C800D745D2 /* PBXContainerItemProxy */ = {
			isa = PBXContainerItemProxy;
			containerPortal = 084A202F218597C700D745D2 /* Project object */;
			proxyType = 1;
			remoteGlobalIDString = 084A2036218597C700D745D2;
			remoteInfo = SlideMenu;
		};
/* End PBXContainerItemProxy section */

/* Begin PBXFileReference section */
		084A2037218597C700D745D2 /* SlideMenu.app */ = {isa = PBXFileReference; explicitFileType = wrapper.application; includeInIndex = 0; path = SlideMenu.app; sourceTree = BUILT_PRODUCTS_DIR; };
		084A203A218597C700D745D2 /* AppDelegate.swift */ = {isa = PBXFileReference; lastKnownFileType = sourcecode.swift; path = AppDelegate.swift; sourceTree = "<group>"; };
		084A203C218597C700D745D2 /* ViewController.swift */ = {isa = PBXFileReference; lastKnownFileType = sourcecode.swift; path = ViewController.swift; sourceTree = "<group>"; };
		084A203F218597C700D745D2 /* Base */ = {isa = PBXFileReference; lastKnownFileType = file.storyboard; name = Base; path = Base.lproj/Main.storyboard; sourceTree = "<group>"; };
		084A2044218597C700D745D2 /* Base */ = {isa = PBXFileReference; lastKnownFileType = file.storyboard; name = Base; path = Base.lproj/LaunchScreen.storyboard; sourceTree = "<group>"; };
		084A2046218597C700D745D2 /* Info.plist */ = {isa = PBXFileReference; lastKnownFileType = text.plist.xml; path = Info.plist; sourceTree = "<group>"; };
		084A204B218597C800D745D2 /* SlideMenuTests.xctest */ = {isa = PBXFileReference; explicitFileType = wrapper.cfbundle; includeInIndex = 0; path = SlideMenuTests.xctest; sourceTree = BUILT_PRODUCTS_DIR; };
		084A204F218597C800D745D2 /* SlideMenuTests.swift */ = {isa = PBXFileReference; lastKnownFileType = sourcecode.swift; path = SlideMenuTests.swift; sourceTree = "<group>"; };
		084A2051218597C800D745D2 /* Info.plist */ = {isa = PBXFileReference; lastKnownFileType = text.plist.xml; path = Info.plist; sourceTree = "<group>"; };
		084A205A21859D5C00D745D2 /* Media.xcassets */ = {isa = PBXFileReference; lastKnownFileType = folder.assetcatalog; name = Media.xcassets; path = "Assets.xcassets/list-fat-7.imageset/Media.xcassets"; sourceTree = "<group>"; };
		084A205C2185A0F800D745D2 /* MenuViewController.swift */ = {isa = PBXFileReference; fileEncoding = 4; lastKnownFileType = sourcecode.swift; path = MenuViewController.swift; sourceTree = "<group>"; };
		084A205E2185A12E00D745D2 /* MenuTableViewCell.swift */ = {isa = PBXFileReference; fileEncoding = 4; lastKnownFileType = sourcecode.swift; path = MenuTableViewCell.swift; sourceTree = "<group>"; };
/* End PBXFileReference section */

/* Begin PBXFrameworksBuildPhase section */
		084A2034218597C700D745D2 /* Frameworks */ = {
			isa = PBXFrameworksBuildPhase;
			buildActionMask = 2147483647;
			files = (
			);
			runOnlyForDeploymentPostprocessing = 0;
		};
		084A2048218597C800D745D2 /* Frameworks */ = {
			isa = PBXFrameworksBuildPhase;
			buildActionMask = 2147483647;
			files = (
			);
			runOnlyForDeploymentPostprocessing = 0;
		};
/* End PBXFrameworksBuildPhase section */

/* Begin PBXGroup section */
		084A202E218597C700D745D2 = {
			isa = PBXGroup;
			children = (
				084A2039218597C700D745D2 /* SlideMenu */,
				084A204E218597C800D745D2 /* SlideMenuTests */,
				084A2038218597C700D745D2 /* Products */,
			);
			sourceTree = "<group>";
		};
		084A2038218597C700D745D2 /* Products */ = {
			isa = PBXGroup;
			children = (
				084A2037218597C700D745D2 /* SlideMenu.app */,
				084A204B218597C800D745D2 /* SlideMenuTests.xctest */,
			);
			name = Products;
			sourceTree = "<group>";
		};
		084A2039218597C700D745D2 /* SlideMenu */ = {
			isa = PBXGroup;
			children = (
				084A203A218597C700D745D2 /* AppDelegate.swift */,
				084A203C218597C700D745D2 /* ViewController.swift */,
				084A205C2185A0F800D745D2 /* MenuViewController.swift */,
				084A205E2185A12E00D745D2 /* MenuTableViewCell.swift */,
				084A203E218597C700D745D2 /* Main.storyboard */,
				084A205A21859D5C00D745D2 /* Media.xcassets */,
				084A2043218597C700D745D2 /* LaunchScreen.storyboard */,
				084A2046218597C700D745D2 /* Info.plist */,
			);
			path = SlideMenu;
			sourceTree = "<group>";
		};
		084A204E218597C800D745D2 /* SlideMenuTests */ = {
			isa = PBXGroup;
			children = (
				084A204F218597C800D745D2 /* SlideMenuTests.swift */,
				084A2051218597C800D745D2 /* Info.plist */,
			);
			path = SlideMenuTests;
			sourceTree = "<group>";
		};
/* End PBXGroup section */

/* Begin PBXNativeTarget section */
		084A2036218597C700D745D2 /* SlideMenu */ = {
			isa = PBXNativeTarget;
			buildConfigurationList = 084A2054218597C800D745D2 /* Build configuration list for PBXNativeTarget "SlideMenu" */;
			buildPhases = (
				084A2033218597C700D745D2 /* Sources */,
				084A2034218597C700D745D2 /* Frameworks */,
				084A2035218597C700D745D2 /* Resources */,
			);
			buildRules = (
			);
			dependencies = (
			);
			name = SlideMenu;
			productName = SlideMenu;
			productReference = 084A2037218597C700D745D2 /* SlideMenu.app */;
			productType = "com.apple.product-type.application";
		};
		084A204A218597C800D745D2 /* SlideMenuTests */ = {
			isa = PBXNativeTarget;
			buildConfigurationList = 084A2057218597C800D745D2 /* Build configuration list for PBXNativeTarget "SlideMenuTests" */;
			buildPhases = (
				084A2047218597C800D745D2 /* Sources */,
				084A2048218597C800D745D2 /* Frameworks */,
				084A2049218597C800D745D2 /* Resources */,
			);
			buildRules = (
			);
			dependencies = (
				084A204D218597C800D745D2 /* PBXTargetDependency */,
			);
			name = SlideMenuTests;
			productName = SlideMenuTests;
			productReference = 084A204B218597C800D745D2 /* SlideMenuTests.xctest */;
			productType = "com.apple.product-type.bundle.unit-test";
		};
/* End PBXNativeTarget section */

/* Begin PBXProject section */
		084A202F218597C700D745D2 /* Project object */ = {
			isa = PBXProject;
			attributes = {
				LastSwiftUpdateCheck = 0830;
				LastUpgradeCheck = 0830;
				ORGANIZATIONNAME = Anita;
				TargetAttributes = {
					084A2036218597C700D745D2 = {
						CreatedOnToolsVersion = 8.3.3;
						ProvisioningStyle = Automatic;
					};
					084A204A218597C800D745D2 = {
						CreatedOnToolsVersion = 8.3.3;
						ProvisioningStyle = Automatic;
						TestTargetID = 084A2036218597C700D745D2;
					};
				};
			};
			buildConfigurationList = 084A2032218597C700D745D2 /* Build configuration list for PBXProject "SlideMenu" */;
			compatibilityVersion = "Xcode 3.2";
			developmentRegion = English;
			hasScannedForEncodings = 0;
			knownRegions = (
				en,
				Base,
			);
			mainGroup = 084A202E218597C700D745D2;
			productRefGroup = 084A2038218597C700D745D2 /* Products */;
			projectDirPath = "";
			projectRoot = "";
			targets = (
				084A2036218597C700D745D2 /* SlideMenu */,
				084A204A218597C800D745D2 /* SlideMenuTests */,
			);
		};
/* End PBXProject section */

/* Begin PBXResourcesBuildPhase section */
		084A2035218597C700D745D2 /* Resources */ = {
			isa = PBXResourcesBuildPhase;
			buildActionMask = 2147483647;
			files = (
				084A2045218597C700D745D2 /* LaunchScreen.storyboard in Resources */,
				084A205B21859D5C00D745D2 /* Media.xcassets in Resources */,
				084A2040218597C700D745D2 /* Main.storyboard in Resources */,
			);
			runOnlyForDeploymentPostprocessing = 0;
		};
		084A2049218597C800D745D2 /* Resources */ = {
			isa = PBXResourcesBuildPhase;
			buildActionMask = 2147483647;
			files = (
			);
			runOnlyForDeploymentPostprocessing = 0;
		};
/* End PBXResourcesBuildPhase section */

/* Begin PBXSourcesBuildPhase section */
		084A2033218597C700D745D2 /* Sources */ = {
			isa = PBXSourcesBuildPhase;
			buildActionMask = 2147483647;
			files = (
				084A203D218597C700D745D2 /* ViewController.swift in Sources */,
				084A205D2185A0F800D745D2 /* MenuViewController.swift in Sources */,
				084A205F2185A12E00D745D2 /* MenuTableViewCell.swift in Sources */,
				084A203B218597C700D745D2 /* AppDelegate.swift in Sources */,
			);
			runOnlyForDeploymentPostprocessing = 0;
		};
		084A2047218597C800D745D2 /* Sources */ = {
			isa = PBXSourcesBuildPhase;
			buildActionMask = 2147483647;
			files = (
				084A2050218597C800D745D2 /* SlideMenuTests.swift in Sources */,
			);
			runOnlyForDeploymentPostprocessing = 0;
		};
/* End PBXSourcesBuildPhase section */

/* Begin PBXTargetDependency section */
		084A204D218597C800D745D2 /* PBXTargetDependency */ = {
			isa = PBXTargetDependency;
			target = 084A2036218597C700D745D2 /* SlideMenu */;
			targetProxy = 084A204C218597C800D745D2 /* PBXContainerItemProxy */;
		};
/* End PBXTargetDependency section */

/* Begin PBXVariantGroup section */
		084A203E218597C700D745D2 /* Main.storyboard */ = {
			isa = PBXVariantGroup;
			children = (
				084A203F218597C700D745D2 /* Base */,
			);
			name = Main.storyboard;
			sourceTree = "<group>";
		};
		084A2043218597C700D745D2 /* LaunchScreen.storyboard */ = {
			isa = PBXVariantGroup;
			children = (
				084A2044218597C700D745D2 /* Base */,
			);
			name = LaunchScreen.storyboard;
			sourceTree = "<group>";
		};
/* End PBXVariantGroup section */

/* Begin XCBuildConfiguration section */
		084A2052218597C800D745D2 /* Debug */ = {
			isa = XCBuildConfiguration;
			buildSettings = {
				ALWAYS_SEARCH_USER_PATHS = NO;
				CLANG_ANALYZER_NONNULL = YES;
				CLANG_ANALYZER_NUMBER_OBJECT_CONVERSION = YES_AGGRESSIVE;
				CLANG_CXX_LANGUAGE_STANDARD = "gnu++0x";
				CLANG_CXX_LIBRARY = "libc++";
				CLANG_ENABLE_MODULES = YES;
				CLANG_ENABLE_OBJC_ARC = YES;
				CLANG_WARN_BOOL_CONVERSION = YES;
				CLANG_WARN_CONSTANT_CONVERSION = YES;
				CLANG_WARN_DIRECT_OBJC_ISA_USAGE = YES_ERROR;
				CLANG_WARN_DOCUMENTATION_COMMENTS = YES;
				CLANG_WARN_EMPTY_BODY = YES;
				CLANG_WARN_ENUM_CONVERSION = YES;
				CLANG_WARN_INFINITE_RECURSION = YES;
				CLANG_WARN_INT_CONVERSION = YES;
				CLANG_WARN_OBJC_ROOT_CLASS = YES_ERROR;
				CLANG_WARN_SUSPICIOUS_MOVE = YES;
				CLANG_WARN_UNREACHABLE_CODE = YES;
				CLANG_WARN__DUPLICATE_METHOD_MATCH = YES;
				"CODE_SIGN_IDENTITY[sdk=iphoneos*]" = "iPhone Developer";
				COPY_PHASE_STRIP = NO;
				DEBUG_INFORMATION_FORMAT = dwarf;
				ENABLE_STRICT_OBJC_MSGSEND = YES;
				ENABLE_TESTABILITY = YES;
				GCC_C_LANGUAGE_STANDARD = gnu99;
				GCC_DYNAMIC_NO_PIC = NO;
				GCC_NO_COMMON_BLOCKS = YES;
				GCC_OPTIMIZATION_LEVEL = 0;
				GCC_PREPROCESSOR_DEFINITIONS = (
					"DEBUG=1",
					"$(inherited)",
				);
				GCC_WARN_64_TO_32_BIT_CONVERSION = YES;
				GCC_WARN_ABOUT_RETURN_TYPE = YES_ERROR;
				GCC_WARN_UNDECLARED_SELECTOR = YES;
				GCC_WARN_UNINITIALIZED_AUTOS = YES_AGGRESSIVE;
				GCC_WARN_UNUSED_FUNCTION = YES;
				GCC_WARN_UNUSED_VARIABLE = YES;
				IPHONEOS_DEPLOYMENT_TARGET = 10.3;
				MTL_ENABLE_DEBUG_INFO = YES;
				ONLY_ACTIVE_ARCH = YES;
				SDKROOT = iphoneos;
				SWIFT_ACTIVE_COMPILATION_CONDITIONS = DEBUG;
				SWIFT_OPTIMIZATION_LEVEL = "-Onone";
				TARGETED_DEVICE_FAMILY = "1,2";
			};
			name = Debug;
		};
		084A2053218597C800D745D2 /* Release */ = {
			isa = XCBuildConfiguration;
			buildSettings = {
				ALWAYS_SEARCH_USER_PATHS = NO;
				CLANG_ANALYZER_NONNULL = YES;
				CLANG_ANALYZER_NUMBER_OBJECT_CONVERSION = YES_AGGRESSIVE;
				CLANG_CXX_LANGUAGE_STANDARD = "gnu++0x";
				CLANG_CXX_LIBRARY = "libc++";
				CLANG_ENABLE_MODULES = YES;
				CLANG_ENABLE_OBJC_ARC = YES;
				CLANG_WARN_BOOL_CONVERSION = YES;
				CLANG_WARN_CONSTANT_CONVERSION = YES;
				CLANG_WARN_DIRECT_OBJC_ISA_USAGE = YES_ERROR;
				CLANG_WARN_DOCUMENTATION_COMMENTS = YES;
				CLANG_WARN_EMPTY_BODY = YES;
				CLANG_WARN_ENUM_CONVERSION = YES;
				CLANG_WARN_INFINITE_RECURSION = YES;
				CLANG_WARN_INT_CONVERSION = YES;
				CLANG_WARN_OBJC_ROOT_CLASS = YES_ERROR;
				CLANG_WARN_SUSPICIOUS_MOVE = YES;
				CLANG_WARN_UNREACHABLE_CODE = YES;
				CLANG_WARN__DUPLICATE_METHOD_MATCH = YES;
				"CODE_SIGN_IDENTITY[sdk=iphoneos*]" = "iPhone Developer";
				COPY_PHASE_STRIP = NO;
				DEBUG_INFORMATION_FORMAT = "dwarf-with-dsym";
				ENABLE_NS_ASSERTIONS = NO;
				ENABLE_STRICT_OBJC_MSGSEND = YES;
				GCC_C_LANGUAGE_STANDARD = gnu99;
				GCC_NO_COMMON_BLOCKS = YES;
				GCC_WARN_64_TO_32_BIT_CONVERSION = YES;
				GCC_WARN_ABOUT_RETURN_TYPE = YES_ERROR;
				GCC_WARN_UNDECLARED_SELECTOR = YES;
				GCC_WARN_UNINITIALIZED_AUTOS = YES_AGGRESSIVE;
				GCC_WARN_UNUSED_FUNCTION = YES;
				GCC_WARN_UNUSED_VARIABLE = YES;
				IPHONEOS_DEPLOYMENT_TARGET = 10.3;
				MTL_ENABLE_DEBUG_INFO = NO;
				SDKROOT = iphoneos;
				SWIFT_OPTIMIZATION_LEVEL = "-Owholemodule";
				TARGETED_DEVICE_FAMILY = "1,2";
				VALIDATE_PRODUCT = YES;
			};
			name = Release;
		};
		084A2055218597C800D745D2 /* Debug */ = {
			isa = XCBuildConfiguration;
			buildSettings = {
				INFOPLIST_FILE = SlideMenu/Info.plist;
				LD_RUNPATH_SEARCH_PATHS = "$(inherited) @executable_path/Frameworks";
				PRODUCT_BUNDLE_IDENTIFIER = HKUCS.SlideMenu;
				PRODUCT_NAME = "$(TARGET_NAME)";
				SWIFT_VERSION = 3.0;
			};
			name = Debug;
		};
		084A2056218597C800D745D2 /* Release */ = {
			isa = XCBuildConfiguration;
			buildSettings = {
				INFOPLIST_FILE = SlideMenu/Info.plist;
				LD_RUNPATH_SEARCH_PATHS = "$(inherited) @executable_path/Frameworks";
				PRODUCT_BUNDLE_IDENTIFIER = HKUCS.SlideMenu;
				PRODUCT_NAME = "$(TARGET_NAME)";
				SWIFT_VERSION = 3.0;
			};
			name = Release;
		};
		084A2058218597C800D745D2 /* Debug */ = {
			isa = XCBuildConfiguration;
			buildSettings = {
				ALWAYS_EMBED_SWIFT_STANDARD_LIBRARIES = YES;
				BUNDLE_LOADER = "$(TEST_HOST)";
				INFOPLIST_FILE = SlideMenuTests/Info.plist;
				LD_RUNPATH_SEARCH_PATHS = "$(inherited) @executable_path/Frameworks @loader_path/Frameworks";
				PRODUCT_BUNDLE_IDENTIFIER = HKUCS.SlideMenuTests;
				PRODUCT_NAME = "$(TARGET_NAME)";
				SWIFT_VERSION = 3.0;
				TEST_HOST = "$(BUILT_PRODUCTS_DIR)/SlideMenu.app/SlideMenu";
			};
			name = Debug;
		};
		084A2059218597C800D745D2 /* Release */ = {
			isa = XCBuildConfiguration;
			buildSettings = {
				ALWAYS_EMBED_SWIFT_STANDARD_LIBRARIES = YES;
				BUNDLE_LOADER = "$(TEST_HOST)";
				INFOPLIST_FILE = SlideMenuTests/Info.plist;
				LD_RUNPATH_SEARCH_PATHS = "$(inherited) @executable_path/Frameworks @loader_path/Frameworks";
				PRODUCT_BUNDLE_IDENTIFIER = HKUCS.SlideMenuTests;
				PRODUCT_NAME = "$(TARGET_NAME)";
				SWIFT_VERSION = 3.0;
				TEST_HOST = "$(BUILT_PRODUCTS_DIR)/SlideMenu.app/SlideMenu";
			};
			name = Release;
		};
/* End XCBuildConfiguration section */

/* Begin XCConfigurationList section */
		084A2032218597C700D745D2 /* Build configuration list for PBXProject "SlideMenu" */ = {
			isa = XCConfigurationList;
			buildConfigurations = (
				084A2052218597C800D745D2 /* Debug */,
				084A2053218597C800D745D2 /* Release */,
			);
			defaultConfigurationIsVisible = 0;
			defaultConfigurationName = Release;
		};
		084A2054218597C800D745D2 /* Build configuration list for PBXNativeTarget "SlideMenu" */ = {
			isa = XCConfigurationList;
			buildConfigurations = (
				084A2055218597C800D745D2 /* Debug */,
				084A2056218597C800D745D2 /* Release */,
			);
			defaultConfigurationIsVisible = 0;
		};
		084A2057218597C800D745D2 /* Build configuration list for PBXNativeTarget "SlideMenuTests" */ = {
			isa = XCConfigurationList;
			buildConfigurations = (
				084A2058218597C800D745D2 /* Debug */,
				084A2059218597C800D745D2 /* Release */,
			);
			defaultConfigurationIsVisible = 0;
		};
/* End XCConfigurationList section */
	};
	rootObject = 084A202F218597C700D745D2 /* Project object */;
}
